// !$*UTF8*$!
{
	archiveVersion = 1;
	classes = {
	};
	objectVersion = 50;
	objects = {

/* Begin PBXBuildFile section */
		BD1DB9582336BF7B009E05E2 /* AppDelegate.swift in Sources */ = {isa = PBXBuildFile; fileRef = BD1DB9572336BF7B009E05E2 /* AppDelegate.swift */; };
		BD1DB95A2336BF7B009E05E2 /* SceneDelegate.swift in Sources */ = {isa = PBXBuildFile; fileRef = BD1DB9592336BF7B009E05E2 /* SceneDelegate.swift */; };
		BD1DB95C2336BF7B009E05E2 /* ViewController.swift in Sources */ = {isa = PBXBuildFile; fileRef = BD1DB95B2336BF7B009E05E2 /* ViewController.swift */; };
		BD1DB95F2336BF7B009E05E2 /* Main.storyboard in Resources */ = {isa = PBXBuildFile; fileRef = BD1DB95D2336BF7B009E05E2 /* Main.storyboard */; };
		BD1DB9612336BF7C009E05E2 /* Assets.xcassets in Resources */ = {isa = PBXBuildFile; fileRef = BD1DB9602336BF7C009E05E2 /* Assets.xcassets */; };
		BD1DB9642336BF7C009E05E2 /* LaunchScreen.storyboard in Resources */ = {isa = PBXBuildFile; fileRef = BD1DB9622336BF7C009E05E2 /* LaunchScreen.storyboard */; };
		BD1DB96F2336BF7C009E05E2 /* PencilKitDemoTests.swift in Sources */ = {isa = PBXBuildFile; fileRef = BD1DB96E2336BF7C009E05E2 /* PencilKitDemoTests.swift */; };
		BD1DB97A2336BF7C009E05E2 /* PencilKitDemoUITests.swift in Sources */ = {isa = PBXBuildFile; fileRef = BD1DB9792336BF7C009E05E2 /* PencilKitDemoUITests.swift */; };
/* End PBXBuildFile section */

/* Begin PBXContainerItemProxy section */
		BD1DB96B2336BF7C009E05E2 /* PBXContainerItemProxy */ = {
			isa = PBXContainerItemProxy;
			containerPortal = BD1DB94C2336BF7B009E05E2 /* Project object */;
			proxyType = 1;
			remoteGlobalIDString = BD1DB9532336BF7B009E05E2;
			remoteInfo = PencilKitDemo;
		};
		BD1DB9762336BF7C009E05E2 /* PBXContainerItemProxy */ = {
			isa = PBXContainerItemProxy;
			containerPortal = BD1DB94C2336BF7B009E05E2 /* Project object */;
			proxyType = 1;
			remoteGlobalIDString = BD1DB9532336BF7B009E05E2;
			remoteInfo = PencilKitDemo;
		};
/* End PBXContainerItemProxy section */

/* Begin PBXFileReference section */
		BD1DB9542336BF7B009E05E2 /* PencilKitDemo.app */ = {isa = PBXFileReference; explicitFileType = wrapper.application; includeInIndex = 0; path = PencilKitDemo.app; sourceTree = BUILT_PRODUCTS_DIR; };
		BD1DB9572336BF7B009E05E2 /* AppDelegate.swift */ = {isa = PBXFileReference; lastKnownFileType = sourcecode.swift; path = AppDelegate.swift; sourceTree = "<group>"; };
		BD1DB9592336BF7B009E05E2 /* SceneDelegate.swift */ = {isa = PBXFileReference; lastKnownFileType = sourcecode.swift; path = SceneDelegate.swift; sourceTree = "<group>"; };
		BD1DB95B2336BF7B009E05E2 /* ViewController.swift */ = {isa = PBXFileReference; lastKnownFileType = sourcecode.swift; path = ViewController.swift; sourceTree = "<group>"; };
		BD1DB95E2336BF7B009E05E2 /* Base */ = {isa = PBXFileReference; lastKnownFileType = file.storyboard; name = Base; path = Base.lproj/Main.storyboard; sourceTree = "<group>"; };
		BD1DB9602336BF7C009E05E2 /* Assets.xcassets */ = {isa = PBXFileReference; lastKnownFileType = folder.assetcatalog; path = Assets.xcassets; sourceTree = "<group>"; };
		BD1DB9632336BF7C009E05E2 /* Base */ = {isa = PBXFileReference; lastKnownFileType = file.storyboard; name = Base; path = Base.lproj/LaunchScreen.storyboard; sourceTree = "<group>"; };
		BD1DB9652336BF7C009E05E2 /* Info.plist */ = {isa = PBXFileReference; lastKnownFileType = text.plist.xml; path = Info.plist; sourceTree = "<group>"; };
		BD1DB96A2336BF7C009E05E2 /* PencilKitDemoTests.xctest */ = {isa = PBXFileReference; explicitFileType = wrapper.cfbundle; includeInIndex = 0; path = PencilKitDemoTests.xctest; sourceTree = BUILT_PRODUCTS_DIR; };
		BD1DB96E2336BF7C009E05E2 /* PencilKitDemoTests.swift */ = {isa = PBXFileReference; lastKnownFileType = sourcecode.swift; path = PencilKitDemoTests.swift; sourceTree = "<group>"; };
		BD1DB9702336BF7C009E05E2 /* Info.plist */ = {isa = PBXFileReference; lastKnownFileType = text.plist.xml; path = Info.plist; sourceTree = "<group>"; };
		BD1DB9752336BF7C009E05E2 /* PencilKitDemoUITests.xctest */ = {isa = PBXFileReference; explicitFileType = wrapper.cfbundle; includeInIndex = 0; path = PencilKitDemoUITests.xctest; sourceTree = BUILT_PRODUCTS_DIR; };
		BD1DB9792336BF7C009E05E2 /* PencilKitDemoUITests.swift */ = {isa = PBXFileReference; lastKnownFileType = sourcecode.swift; path = PencilKitDemoUITests.swift; sourceTree = "<group>"; };
		BD1DB97B2336BF7C009E05E2 /* Info.plist */ = {isa = PBXFileReference; lastKnownFileType = text.plist.xml; path = Info.plist; sourceTree = "<group>"; };
/* End PBXFileReference section */

/* Begin PBXFrameworksBuildPhase section */
		BD1DB9512336BF7B009E05E2 /* Frameworks */ = {
			isa = PBXFrameworksBuildPhase;
			buildActionMask = 2147483647;
			files = (
			);
			runOnlyForDeploymentPostprocessing = 0;
		};
		BD1DB9672336BF7C009E05E2 /* Frameworks */ = {
			isa = PBXFrameworksBuildPhase;
			buildActionMask = 2147483647;
			files = (
			);
			runOnlyForDeploymentPostprocessing = 0;
		};
		BD1DB9722336BF7C009E05E2 /* Frameworks */ = {
			isa = PBXFrameworksBuildPhase;
			buildActionMask = 2147483647;
			files = (
			);
			runOnlyForDeploymentPostprocessing = 0;
		};
/* End PBXFrameworksBuildPhase section */

/* Begin PBXGroup section */
		BD1DB94B2336BF7B009E05E2 = {
			isa = PBXGroup;
			children = (
				BD1DB9562336BF7B009E05E2 /* PencilKitDemo */,
				BD1DB96D2336BF7C009E05E2 /* PencilKitDemoTests */,
				BD1DB9782336BF7C009E05E2 /* PencilKitDemoUITests */,
				BD1DB9552336BF7B009E05E2 /* Products */,
			);
			sourceTree = "<group>";
		};
		BD1DB9552336BF7B009E05E2 /* Products */ = {
			isa = PBXGroup;
			children = (
				BD1DB9542336BF7B009E05E2 /* PencilKitDemo.app */,
				BD1DB96A2336BF7C009E05E2 /* PencilKitDemoTests.xctest */,
				BD1DB9752336BF7C009E05E2 /* PencilKitDemoUITests.xctest */,
			);
			name = Products;
			sourceTree = "<group>";
		};
		BD1DB9562336BF7B009E05E2 /* PencilKitDemo */ = {
			isa = PBXGroup;
			children = (
				BD1DB9572336BF7B009E05E2 /* AppDelegate.swift */,
				BD1DB9592336BF7B009E05E2 /* SceneDelegate.swift */,
				BD1DB95B2336BF7B009E05E2 /* ViewController.swift */,
				BD1DB95D2336BF7B009E05E2 /* Main.storyboard */,
				BD1DB9602336BF7C009E05E2 /* Assets.xcassets */,
				BD1DB9622336BF7C009E05E2 /* LaunchScreen.storyboard */,
				BD1DB9652336BF7C009E05E2 /* Info.plist */,
			);
			path = PencilKitDemo;
			sourceTree = "<group>";
		};
		BD1DB96D2336BF7C009E05E2 /* PencilKitDemoTests */ = {
			isa = PBXGroup;
			children = (
				BD1DB96E2336BF7C009E05E2 /* PencilKitDemoTests.swift */,
				BD1DB9702336BF7C009E05E2 /* Info.plist */,
			);
			path = PencilKitDemoTests;
			sourceTree = "<group>";
		};
		BD1DB9782336BF7C009E05E2 /* PencilKitDemoUITests */ = {
			isa = PBXGroup;
			children = (
				BD1DB9792336BF7C009E05E2 /* PencilKitDemoUITests.swift */,
				BD1DB97B2336BF7C009E05E2 /* Info.plist */,
			);
			path = PencilKitDemoUITests;
			sourceTree = "<group>";
		};
/* End PBXGroup section */

/* Begin PBXNativeTarget section */
		BD1DB9532336BF7B009E05E2 /* PencilKitDemo */ = {
			isa = PBXNativeTarget;
			buildConfigurationList = BD1DB97E2336BF7C009E05E2 /* Build configuration list for PBXNativeTarget "PencilKitDemo" */;
			buildPhases = (
				BD1DB9502336BF7B009E05E2 /* Sources */,
				BD1DB9512336BF7B009E05E2 /* Frameworks */,
				BD1DB9522336BF7B009E05E2 /* Resources */,
			);
			buildRules = (
			);
			dependencies = (
			);
			name = PencilKitDemo;
			productName = PencilKitDemo;
			productReference = BD1DB9542336BF7B009E05E2 /* PencilKitDemo.app */;
			productType = "com.apple.product-type.application";
		};
		BD1DB9692336BF7C009E05E2 /* PencilKitDemoTests */ = {
			isa = PBXNativeTarget;
			buildConfigurationList = BD1DB9812336BF7C009E05E2 /* Build configuration list for PBXNativeTarget "PencilKitDemoTests" */;
			buildPhases = (
				BD1DB9662336BF7C009E05E2 /* Sources */,
				BD1DB9672336BF7C009E05E2 /* Frameworks */,
				BD1DB9682336BF7C009E05E2 /* Resources */,
			);
			buildRules = (
			);
			dependencies = (
				BD1DB96C2336BF7C009E05E2 /* PBXTargetDependency */,
			);
			name = PencilKitDemoTests;
			productName = PencilKitDemoTests;
			productReference = BD1DB96A2336BF7C009E05E2 /* PencilKitDemoTests.xctest */;
			productType = "com.apple.product-type.bundle.unit-test";
		};
		BD1DB9742336BF7C009E05E2 /* PencilKitDemoUITests */ = {
			isa = PBXNativeTarget;
			buildConfigurationList = BD1DB9842336BF7C009E05E2 /* Build configuration list for PBXNativeTarget "PencilKitDemoUITests" */;
			buildPhases = (
				BD1DB9712336BF7C009E05E2 /* Sources */,
				BD1DB9722336BF7C009E05E2 /* Frameworks */,
				BD1DB9732336BF7C009E05E2 /* Resources */,
			);
			buildRules = (
			);
			dependencies = (
				BD1DB9772336BF7C009E05E2 /* PBXTargetDependency */,
			);
			name = PencilKitDemoUITests;
			productName = PencilKitDemoUITests;
			productReference = BD1DB9752336BF7C009E05E2 /* PencilKitDemoUITests.xctest */;
			productType = "com.apple.product-type.bundle.ui-testing";
		};
/* End PBXNativeTarget section */

/* Begin PBXProject section */
		BD1DB94C2336BF7B009E05E2 /* Project object */ = {
			isa = PBXProject;
			attributes = {
				LastSwiftUpdateCheck = 1100;
				LastUpgradeCheck = 1100;
				ORGANIZATIONNAME = gree;
				TargetAttributes = {
					BD1DB9532336BF7B009E05E2 = {
						CreatedOnToolsVersion = 11.0;
					};
					BD1DB9692336BF7C009E05E2 = {
						CreatedOnToolsVersion = 11.0;
						TestTargetID = BD1DB9532336BF7B009E05E2;
					};
					BD1DB9742336BF7C009E05E2 = {
						CreatedOnToolsVersion = 11.0;
						TestTargetID = BD1DB9532336BF7B009E05E2;
					};
				};
			};
			buildConfigurationList = BD1DB94F2336BF7B009E05E2 /* Build configuration list for PBXProject "PencilKitDemo" */;
			compatibilityVersion = "Xcode 9.3";
			developmentRegion = en;
			hasScannedForEncodings = 0;
			knownRegions = (
				en,
				Base,
			);
			mainGroup = BD1DB94B2336BF7B009E05E2;
			productRefGroup = BD1DB9552336BF7B009E05E2 /* Products */;
			projectDirPath = "";
			projectRoot = "";
			targets = (
				BD1DB9532336BF7B009E05E2 /* PencilKitDemo */,
				BD1DB9692336BF7C009E05E2 /* PencilKitDemoTests */,
				BD1DB9742336BF7C009E05E2 /* PencilKitDemoUITests */,
			);
		};
/* End PBXProject section */

/* Begin PBXResourcesBuildPhase section */
		BD1DB9522336BF7B009E05E2 /* Resources */ = {
			isa = PBXResourcesBuildPhase;
			buildActionMask = 2147483647;
			files = (
				BD1DB9642336BF7C009E05E2 /* LaunchScreen.storyboard in Resources */,
				BD1DB9612336BF7C009E05E2 /* Assets.xcassets in Resources */,
				BD1DB95F2336BF7B009E05E2 /* Main.storyboard in Resources */,
			);
			runOnlyForDeploymentPostprocessing = 0;
		};
		BD1DB9682336BF7C009E05E2 /* Resources */ = {
			isa = PBXResourcesBuildPhase;
			buildActionMask = 2147483647;
			files = (
			);
			runOnlyForDeploymentPostprocessing = 0;
		};
		BD1DB9732336BF7C009E05E2 /* Resources */ = {
			isa = PBXResourcesBuildPhase;
			buildActionMask = 2147483647;
			files = (
			);
			runOnlyForDeploymentPostprocessing = 0;
		};
/* End PBXResourcesBuildPhase section */

/* Begin PBXSourcesBuildPhase section */
		BD1DB9502336BF7B009E05E2 /* Sources */ = {
			isa = PBXSourcesBuildPhase;
			buildActionMask = 2147483647;
			files = (
				BD1DB95C2336BF7B009E05E2 /* ViewController.swift in Sources */,
				BD1DB9582336BF7B009E05E2 /* AppDelegate.swift in Sources */,
				BD1DB95A2336BF7B009E05E2 /* SceneDelegate.swift in Sources */,
			);
			runOnlyForDeploymentPostprocessing = 0;
		};
		BD1DB9662336BF7C009E05E2 /* Sources */ = {
			isa = PBXSourcesBuildPhase;
			buildActionMask = 2147483647;
			files = (
				BD1DB96F2336BF7C009E05E2 /* PencilKitDemoTests.swift in Sources */,
			);
			runOnlyForDeploymentPostprocessing = 0;
		};
		BD1DB9712336BF7C009E05E2 /* Sources */ = {
			isa = PBXSourcesBuildPhase;
			buildActionMask = 2147483647;
			files = (
				BD1DB97A2336BF7C009E05E2 /* PencilKitDemoUITests.swift in Sources */,
			);
			runOnlyForDeploymentPostprocessing = 0;
		};
/* End PBXSourcesBuildPhase section */

/* Begin PBXTargetDependency section */
		BD1DB96C2336BF7C009E05E2 /* PBXTargetDependency */ = {
			isa = PBXTargetDependency;
			target = BD1DB9532336BF7B009E05E2 /* PencilKitDemo */;
			targetProxy = BD1DB96B2336BF7C009E05E2 /* PBXContainerItemProxy */;
		};
		BD1DB9772336BF7C009E05E2 /* PBXTargetDependency */ = {
			isa = PBXTargetDependency;
			target = BD1DB9532336BF7B009E05E2 /* PencilKitDemo */;
			targetProxy = BD1DB9762336BF7C009E05E2 /* PBXContainerItemProxy */;
		};
/* End PBXTargetDependency section */

/* Begin PBXVariantGroup section */
		BD1DB95D2336BF7B009E05E2 /* Main.storyboard */ = {
			isa = PBXVariantGroup;
			children = (
				BD1DB95E2336BF7B009E05E2 /* Base */,
			);
			name = Main.storyboard;
			sourceTree = "<group>";
		};
		BD1DB9622336BF7C009E05E2 /* LaunchScreen.storyboard */ = {
			isa = PBXVariantGroup;
			children = (
				BD1DB9632336BF7C009E05E2 /* Base */,
			);
			name = LaunchScreen.storyboard;
			sourceTree = "<group>";
		};
/* End PBXVariantGroup section */

/* Begin XCBuildConfiguration section */
		BD1DB97C2336BF7C009E05E2 /* Debug */ = {
			isa = XCBuildConfiguration;
			buildSettings = {
				ALWAYS_SEARCH_USER_PATHS = NO;
				CLANG_ANALYZER_NONNULL = YES;
				CLANG_ANALYZER_NUMBER_OBJECT_CONVERSION = YES_AGGRESSIVE;
				CLANG_CXX_LANGUAGE_STANDARD = "gnu++14";
				CLANG_CXX_LIBRARY = "libc++";
				CLANG_ENABLE_MODULES = YES;
				CLANG_ENABLE_OBJC_ARC = YES;
				CLANG_ENABLE_OBJC_WEAK = YES;
				CLANG_WARN_BLOCK_CAPTURE_AUTORELEASING = YES;
				CLANG_WARN_BOOL_CONVERSION = YES;
				CLANG_WARN_COMMA = YES;
				CLANG_WARN_CONSTANT_CONVERSION = YES;
				CLANG_WARN_DEPRECATED_OBJC_IMPLEMENTATIONS = YES;
				CLANG_WARN_DIRECT_OBJC_ISA_USAGE = YES_ERROR;
				CLANG_WARN_DOCUMENTATION_COMMENTS = YES;
				CLANG_WARN_EMPTY_BODY = YES;
				CLANG_WARN_ENUM_CONVERSION = YES;
				CLANG_WARN_INFINITE_RECURSION = YES;
				CLANG_WARN_INT_CONVERSION = YES;
				CLANG_WARN_NON_LITERAL_NULL_CONVERSION = YES;
				CLANG_WARN_OBJC_IMPLICIT_RETAIN_SELF = YES;
				CLANG_WARN_OBJC_LITERAL_CONVERSION = YES;
				CLANG_WARN_OBJC_ROOT_CLASS = YES_ERROR;
				CLANG_WARN_RANGE_LOOP_ANALYSIS = YES;
				CLANG_WARN_STRICT_PROTOTYPES = YES;
				CLANG_WARN_SUSPICIOUS_MOVE = YES;
				CLANG_WARN_UNGUARDED_AVAILABILITY = YES_AGGRESSIVE;
				CLANG_WARN_UNREACHABLE_CODE = YES;
				CLANG_WARN__DUPLICATE_METHOD_MATCH = YES;
				COPY_PHASE_STRIP = NO;
				DEBUG_INFORMATION_FORMAT = dwarf;
				ENABLE_STRICT_OBJC_MSGSEND = YES;
				ENABLE_TESTABILITY = YES;
				GCC_C_LANGUAGE_STANDARD = gnu11;
				GCC_DYNAMIC_NO_PIC = NO;
				GCC_NO_COMMON_BLOCKS = YES;
				GCC_OPTIMIZATION_LEVEL = 0;
				GCC_PREPROCESSOR_DEFINITIONS = (
					"DEBUG=1",
					"$(inherited)",
				);
				GCC_WARN_64_TO_32_BIT_CONVERSION = YES;
				GCC_WARN_ABOUT_RETURN_TYPE = YES_ERROR;
				GCC_WARN_UNDECLARED_SELECTOR = YES;
				GCC_WARN_UNINITIALIZED_AUTOS = YES_AGGRESSIVE;
				GCC_WARN_UNUSED_FUNCTION = YES;
				GCC_WARN_UNUSED_VARIABLE = YES;
				IPHONEOS_DEPLOYMENT_TARGET = 13.0;
				MTL_ENABLE_DEBUG_INFO = INCLUDE_SOURCE;
				MTL_FAST_MATH = YES;
				ONLY_ACTIVE_ARCH = YES;
				SDKROOT = iphoneos;
				SWIFT_ACTIVE_COMPILATION_CONDITIONS = DEBUG;
				SWIFT_OPTIMIZATION_LEVEL = "-Onone";
			};
			name = Debug;
		};
		BD1DB97D2336BF7C009E05E2 /* Release */ = {
			isa = XCBuildConfiguration;
			buildSettings = {
				ALWAYS_SEARCH_USER_PATHS = NO;
				CLANG_ANALYZER_NONNULL = YES;
				CLANG_ANALYZER_NUMBER_OBJECT_CONVERSION = YES_AGGRESSIVE;
				CLANG_CXX_LANGUAGE_STANDARD = "gnu++14";
				CLANG_CXX_LIBRARY = "libc++";
				CLANG_ENABLE_MODULES = YES;
				CLANG_ENABLE_OBJC_ARC = YES;
				CLANG_ENABLE_OBJC_WEAK = YES;
				CLANG_WARN_BLOCK_CAPTURE_AUTORELEASING = YES;
				CLANG_WARN_BOOL_CONVERSION = YES;
				CLANG_WARN_COMMA = YES;
				CLANG_WARN_CONSTANT_CONVERSION = YES;
				CLANG_WARN_DEPRECATED_OBJC_IMPLEMENTATIONS = YES;
				CLANG_WARN_DIRECT_OBJC_ISA_USAGE = YES_ERROR;
				CLANG_WARN_DOCUMENTATION_COMMENTS = YES;
				CLANG_WARN_EMPTY_BODY = YES;
				CLANG_WARN_ENUM_CONVERSION = YES;
				CLANG_WARN_INFINITE_RECURSION = YES;
				CLANG_WARN_INT_CONVERSION = YES;
				CLANG_WARN_NON_LITERAL_NULL_CONVERSION = YES;
				CLANG_WARN_OBJC_IMPLICIT_RETAIN_SELF = YES;
				CLANG_WARN_OBJC_LITERAL_CONVERSION = YES;
				CLANG_WARN_OBJC_ROOT_CLASS = YES_ERROR;
				CLANG_WARN_RANGE_LOOP_ANALYSIS = YES;
				CLANG_WARN_STRICT_PROTOTYPES = YES;
				CLANG_WARN_SUSPICIOUS_MOVE = YES;
				CLANG_WARN_UNGUARDED_AVAILABILITY = YES_AGGRESSIVE;
				CLANG_WARN_UNREACHABLE_CODE = YES;
				CLANG_WARN__DUPLICATE_METHOD_MATCH = YES;
				COPY_PHASE_STRIP = NO;
				DEBUG_INFORMATION_FORMAT = "dwarf-with-dsym";
				ENABLE_NS_ASSERTIONS = NO;
				ENABLE_STRICT_OBJC_MSGSEND = YES;
				GCC_C_LANGUAGE_STANDARD = gnu11;
				GCC_NO_COMMON_BLOCKS = YES;
				GCC_WARN_64_TO_32_BIT_CONVERSION = YES;
				GCC_WARN_ABOUT_RETURN_TYPE = YES_ERROR;
				GCC_WARN_UNDECLARED_SELECTOR = YES;
				GCC_WARN_UNINITIALIZED_AUTOS = YES_AGGRESSIVE;
				GCC_WARN_UNUSED_FUNCTION = YES;
				GCC_WARN_UNUSED_VARIABLE = YES;
				IPHONEOS_DEPLOYMENT_TARGET = 13.0;
				MTL_ENABLE_DEBUG_INFO = NO;
				MTL_FAST_MATH = YES;
				SDKROOT = iphoneos;
				SWIFT_COMPILATION_MODE = wholemodule;
				SWIFT_OPTIMIZATION_LEVEL = "-O";
				VALIDATE_PRODUCT = YES;
			};
			name = Release;
		};
		BD1DB97F2336BF7C009E05E2 /* Debug */ = {
			isa = XCBuildConfiguration;
			buildSettings = {
				ASSETCATALOG_COMPILER_APPICON_NAME = AppIcon;
				CODE_SIGN_STYLE = Manual;
				DEVELOPMENT_TEAM = "";
				INFOPLIST_FILE = PencilKitDemo/Info.plist;
				LD_RUNPATH_SEARCH_PATHS = (
					"$(inherited)",
					"@executable_path/Frameworks",
				);
				PRODUCT_BUNDLE_IDENTIFIER = edesire.PencilKitDemo;
				PRODUCT_NAME = "$(TARGET_NAME)";
				PROVISIONING_PROFILE_SPECIFIER = "";
				SWIFT_VERSION = 5.0;
				TARGETED_DEVICE_FAMILY = "1,2";
			};
			name = Debug;
		};
		BD1DB9802336BF7C009E05E2 /* Release */ = {
			isa = XCBuildConfiguration;
			buildSettings = {
				ASSETCATALOG_COMPILER_APPICON_NAME = AppIcon;
				CODE_SIGN_STYLE = Manual;
				DEVELOPMENT_TEAM = "";
				INFOPLIST_FILE = PencilKitDemo/Info.plist;
				LD_RUNPATH_SEARCH_PATHS = (
					"$(inherited)",
					"@executable_path/Frameworks",
				);
				PRODUCT_BUNDLE_IDENTIFIER = edesire.PencilKitDemo;
				PRODUCT_NAME = "$(TARGET_NAME)";
				PROVISIONING_PROFILE_SPECIFIER = "";
				SWIFT_VERSION = 5.0;
				TARGETED_DEVICE_FAMILY = "1,2";
			};
			name = Release;
		};
		BD1DB9822336BF7C009E05E2 /* Debug */ = {
			isa = XCBuildConfiguration;
			buildSettings = {
				ALWAYS_EMBED_SWIFT_STANDARD_LIBRARIES = YES;
				BUNDLE_LOADER = "$(TEST_HOST)";
				CODE_SIGN_STYLE = Automatic;
				INFOPLIST_FILE = PencilKitDemoTests/Info.plist;
				IPHONEOS_DEPLOYMENT_TARGET = 13.0;
				LD_RUNPATH_SEARCH_PATHS = (
					"$(inherited)",
					"@executable_path/Frameworks",
					"@loader_path/Frameworks",
				);
				PRODUCT_BUNDLE_IDENTIFIER = edesire.PencilKitDemoTests;
				PRODUCT_NAME = "$(TARGET_NAME)";
				SWIFT_VERSION = 5.0;
				TARGETED_DEVICE_FAMILY = "1,2";
				TEST_HOST = "$(BUILT_PRODUCTS_DIR)/PencilKitDemo.app/PencilKitDemo";
			};
			name = Debug;
		};
		BD1DB9832336BF7C009E05E2 /* Release */ = {
			isa = XCBuildConfiguration;
			buildSettings = {
				ALWAYS_EMBED_SWIFT_STANDARD_LIBRARIES = YES;
				BUNDLE_LOADER = "$(TEST_HOST)";
				CODE_SIGN_STYLE = Automatic;
				INFOPLIST_FILE = PencilKitDemoTests/Info.plist;
				IPHONEOS_DEPLOYMENT_TARGET = 13.0;
				LD_RUNPATH_SEARCH_PATHS = (
					"$(inherited)",
					"@executable_path/Frameworks",
					"@loader_path/Frameworks",
				);
				PRODUCT_BUNDLE_IDENTIFIER = edesire.PencilKitDemoTests;
				PRODUCT_NAME = "$(TARGET_NAME)";
				SWIFT_VERSION = 5.0;
				TARGETED_DEVICE_FAMILY = "1,2";
				TEST_HOST = "$(BUILT_PRODUCTS_DIR)/PencilKitDemo.app/PencilKitDemo";
			};
			name = Release;
		};
		BD1DB9852336BF7C009E05E2 /* Debug */ = {
			isa = XCBuildConfiguration;
			buildSettings = {
				ALWAYS_EMBED_SWIFT_STANDARD_LIBRARIES = YES;
				CODE_SIGN_STYLE = Automatic;
				INFOPLIST_FILE = PencilKitDemoUITests/Info.plist;
				LD_RUNPATH_SEARCH_PATHS = (
					"$(inherited)",
					"@executable_path/Frameworks",
					"@loader_path/Frameworks",
				);
				PRODUCT_BUNDLE_IDENTIFIER = edesire.PencilKitDemoUITests;
				PRODUCT_NAME = "$(TARGET_NAME)";
				SWIFT_VERSION = 5.0;
				TARGETED_DEVICE_FAMILY = "1,2";
				TEST_TARGET_NAME = PencilKitDemo;
			};
			name = Debug;
		};
		BD1DB9862336BF7C009E05E2 /* Release */ = {
			isa = XCBuildConfiguration;
			buildSettings = {
				ALWAYS_EMBED_SWIFT_STANDARD_LIBRARIES = YES;
				CODE_SIGN_STYLE = Automatic;
				INFOPLIST_FILE = PencilKitDemoUITests/Info.plist;
				LD_RUNPATH_SEARCH_PATHS = (
					"$(inherited)",
					"@executable_path/Frameworks",
					"@loader_path/Frameworks",
				);
				PRODUCT_BUNDLE_IDENTIFIER = edesire.PencilKitDemoUITests;
				PRODUCT_NAME = "$(TARGET_NAME)";
				SWIFT_VERSION = 5.0;
				TARGETED_DEVICE_FAMILY = "1,2";
				TEST_TARGET_NAME = PencilKitDemo;
			};
			name = Release;
		};
/* End XCBuildConfiguration section */

/* Begin XCConfigurationList section */
		BD1DB94F2336BF7B009E05E2 /* Build configuration list for PBXProject "PencilKitDemo" */ = {
			isa = XCConfigurationList;
			buildConfigurations = (
				BD1DB97C2336BF7C009E05E2 /* Debug */,
				BD1DB97D2336BF7C009E05E2 /* Release */,
			);
			defaultConfigurationIsVisible = 0;
			defaultConfigurationName = Release;
		};
		BD1DB97E2336BF7C009E05E2 /* Build configuration list for PBXNativeTarget "PencilKitDemo" */ = {
			isa = XCConfigurationList;
			buildConfigurations = (
				BD1DB97F2336BF7C009E05E2 /* Debug */,
				BD1DB9802336BF7C009E05E2 /* Release */,
			);
			defaultConfigurationIsVisible = 0;
			defaultConfigurationName = Release;
		};
		BD1DB9812336BF7C009E05E2 /* Build configuration list for PBXNativeTarget "PencilKitDemoTests" */ = {
			isa = XCConfigurationList;
			buildConfigurations = (
				BD1DB9822336BF7C009E05E2 /* Debug */,
				BD1DB9832336BF7C009E05E2 /* Release */,
			);
			defaultConfigurationIsVisible = 0;
			defaultConfigurationName = Release;
		};
		BD1DB9842336BF7C009E05E2 /* Build configuration list for PBXNativeTarget "PencilKitDemoUITests" */ = {
			isa = XCConfigurationList;
			buildConfigurations = (
				BD1DB9852336BF7C009E05E2 /* Debug */,
				BD1DB9862336BF7C009E05E2 /* Release */,
			);
			defaultConfigurationIsVisible = 0;
			defaultConfigurationName = Release;
		};
/* End XCConfigurationList section */
	};
	rootObject = BD1DB94C2336BF7B009E05E2 /* Project object */;
}
