// !$*UTF8*$!
{
	archiveVersion = 1;
	classes = {
	};
	objectVersion = 50;
	objects = {

/* Begin PBXBuildFile section */
		BDE93E222336BA8F0065A678 /* AppDelegate.swift in Sources */ = {isa = PBXBuildFile; fileRef = BDE93E212336BA8F0065A678 /* AppDelegate.swift */; };
		BDE93E242336BA8F0065A678 /* SceneDelegate.swift in Sources */ = {isa = PBXBuildFile; fileRef = BDE93E232336BA8F0065A678 /* SceneDelegate.swift */; };
		BDE93E262336BA8F0065A678 /* ViewController.swift in Sources */ = {isa = PBXBuildFile; fileRef = BDE93E252336BA8F0065A678 /* ViewController.swift */; };
		BDE93E292336BA8F0065A678 /* Main.storyboard in Resources */ = {isa = PBXBuildFile; fileRef = BDE93E272336BA8F0065A678 /* Main.storyboard */; };
		BDE93E2B2336BA900065A678 /* Assets.xcassets in Resources */ = {isa = PBXBuildFile; fileRef = BDE93E2A2336BA900065A678 /* Assets.xcassets */; };
		BDE93E2E2336BA900065A678 /* LaunchScreen.storyboard in Resources */ = {isa = PBXBuildFile; fileRef = BDE93E2C2336BA900065A678 /* LaunchScreen.storyboard */; };
		BDE93E392336BA900065A678 /* PencilKitTests.swift in Sources */ = {isa = PBXBuildFile; fileRef = BDE93E382336BA900065A678 /* PencilKitTests.swift */; };
		BDE93E442336BA900065A678 /* PencilKitUITests.swift in Sources */ = {isa = PBXBuildFile; fileRef = BDE93E432336BA900065A678 /* PencilKitUITests.swift */; };
/* End PBXBuildFile section */

/* Begin PBXContainerItemProxy section */
		BDE93E352336BA900065A678 /* PBXContainerItemProxy */ = {
			isa = PBXContainerItemProxy;
			containerPortal = BDE93E162336BA8F0065A678 /* Project object */;
			proxyType = 1;
			remoteGlobalIDString = BDE93E1D2336BA8F0065A678;
			remoteInfo = PencilKit;
		};
		BDE93E402336BA900065A678 /* PBXContainerItemProxy */ = {
			isa = PBXContainerItemProxy;
			containerPortal = BDE93E162336BA8F0065A678 /* Project object */;
			proxyType = 1;
			remoteGlobalIDString = BDE93E1D2336BA8F0065A678;
			remoteInfo = PencilKit;
		};
/* End PBXContainerItemProxy section */

/* Begin PBXFileReference section */
		BDE93E1E2336BA8F0065A678 /* PencilKit.app */ = {isa = PBXFileReference; explicitFileType = wrapper.application; includeInIndex = 0; path = PencilKit.app; sourceTree = BUILT_PRODUCTS_DIR; };
		BDE93E212336BA8F0065A678 /* AppDelegate.swift */ = {isa = PBXFileReference; lastKnownFileType = sourcecode.swift; path = AppDelegate.swift; sourceTree = "<group>"; };
		BDE93E232336BA8F0065A678 /* SceneDelegate.swift */ = {isa = PBXFileReference; lastKnownFileType = sourcecode.swift; path = SceneDelegate.swift; sourceTree = "<group>"; };
		BDE93E252336BA8F0065A678 /* ViewController.swift */ = {isa = PBXFileReference; lastKnownFileType = sourcecode.swift; path = ViewController.swift; sourceTree = "<group>"; };
		BDE93E282336BA8F0065A678 /* Base */ = {isa = PBXFileReference; lastKnownFileType = file.storyboard; name = Base; path = Base.lproj/Main.storyboard; sourceTree = "<group>"; };
		BDE93E2A2336BA900065A678 /* Assets.xcassets */ = {isa = PBXFileReference; lastKnownFileType = folder.assetcatalog; path = Assets.xcassets; sourceTree = "<group>"; };
		BDE93E2D2336BA900065A678 /* Base */ = {isa = PBXFileReference; lastKnownFileType = file.storyboard; name = Base; path = Base.lproj/LaunchScreen.storyboard; sourceTree = "<group>"; };
		BDE93E2F2336BA900065A678 /* Info.plist */ = {isa = PBXFileReference; lastKnownFileType = text.plist.xml; path = Info.plist; sourceTree = "<group>"; };
		BDE93E342336BA900065A678 /* PencilKitTests.xctest */ = {isa = PBXFileReference; explicitFileType = wrapper.cfbundle; includeInIndex = 0; path = PencilKitTests.xctest; sourceTree = BUILT_PRODUCTS_DIR; };
		BDE93E382336BA900065A678 /* PencilKitTests.swift */ = {isa = PBXFileReference; lastKnownFileType = sourcecode.swift; path = PencilKitTests.swift; sourceTree = "<group>"; };
		BDE93E3A2336BA900065A678 /* Info.plist */ = {isa = PBXFileReference; lastKnownFileType = text.plist.xml; path = Info.plist; sourceTree = "<group>"; };
		BDE93E3F2336BA900065A678 /* PencilKitUITests.xctest */ = {isa = PBXFileReference; explicitFileType = wrapper.cfbundle; includeInIndex = 0; path = PencilKitUITests.xctest; sourceTree = BUILT_PRODUCTS_DIR; };
		BDE93E432336BA900065A678 /* PencilKitUITests.swift */ = {isa = PBXFileReference; lastKnownFileType = sourcecode.swift; path = PencilKitUITests.swift; sourceTree = "<group>"; };
		BDE93E452336BA900065A678 /* Info.plist */ = {isa = PBXFileReference; lastKnownFileType = text.plist.xml; path = Info.plist; sourceTree = "<group>"; };
/* End PBXFileReference section */

/* Begin PBXFrameworksBuildPhase section */
		BDE93E1B2336BA8F0065A678 /* Frameworks */ = {
			isa = PBXFrameworksBuildPhase;
			buildActionMask = 2147483647;
			files = (
			);
			runOnlyForDeploymentPostprocessing = 0;
		};
		BDE93E312336BA900065A678 /* Frameworks */ = {
			isa = PBXFrameworksBuildPhase;
			buildActionMask = 2147483647;
			files = (
			);
			runOnlyForDeploymentPostprocessing = 0;
		};
		BDE93E3C2336BA900065A678 /* Frameworks */ = {
			isa = PBXFrameworksBuildPhase;
			buildActionMask = 2147483647;
			files = (
			);
			runOnlyForDeploymentPostprocessing = 0;
		};
/* End PBXFrameworksBuildPhase section */

/* Begin PBXGroup section */
		BDE93E152336BA8F0065A678 = {
			isa = PBXGroup;
			children = (
				BDE93E202336BA8F0065A678 /* PencilKit */,
				BDE93E372336BA900065A678 /* PencilKitTests */,
				BDE93E422336BA900065A678 /* PencilKitUITests */,
				BDE93E1F2336BA8F0065A678 /* Products */,
			);
			sourceTree = "<group>";
		};
		BDE93E1F2336BA8F0065A678 /* Products */ = {
			isa = PBXGroup;
			children = (
				BDE93E1E2336BA8F0065A678 /* PencilKit.app */,
				BDE93E342336BA900065A678 /* PencilKitTests.xctest */,
				BDE93E3F2336BA900065A678 /* PencilKitUITests.xctest */,
			);
			name = Products;
			sourceTree = "<group>";
		};
		BDE93E202336BA8F0065A678 /* PencilKit */ = {
			isa = PBXGroup;
			children = (
				BDE93E212336BA8F0065A678 /* AppDelegate.swift */,
				BDE93E232336BA8F0065A678 /* SceneDelegate.swift */,
				BDE93E252336BA8F0065A678 /* ViewController.swift */,
				BDE93E272336BA8F0065A678 /* Main.storyboard */,
				BDE93E2A2336BA900065A678 /* Assets.xcassets */,
				BDE93E2C2336BA900065A678 /* LaunchScreen.storyboard */,
				BDE93E2F2336BA900065A678 /* Info.plist */,
			);
			path = PencilKit;
			sourceTree = "<group>";
		};
		BDE93E372336BA900065A678 /* PencilKitTests */ = {
			isa = PBXGroup;
			children = (
				BDE93E382336BA900065A678 /* PencilKitTests.swift */,
				BDE93E3A2336BA900065A678 /* Info.plist */,
			);
			path = PencilKitTests;
			sourceTree = "<group>";
		};
		BDE93E422336BA900065A678 /* PencilKitUITests */ = {
			isa = PBXGroup;
			children = (
				BDE93E432336BA900065A678 /* PencilKitUITests.swift */,
				BDE93E452336BA900065A678 /* Info.plist */,
			);
			path = PencilKitUITests;
			sourceTree = "<group>";
		};
/* End PBXGroup section */

/* Begin PBXNativeTarget section */
		BDE93E1D2336BA8F0065A678 /* PencilKit */ = {
			isa = PBXNativeTarget;
			buildConfigurationList = BDE93E482336BA900065A678 /* Build configuration list for PBXNativeTarget "PencilKit" */;
			buildPhases = (
				BDE93E1A2336BA8F0065A678 /* Sources */,
				BDE93E1B2336BA8F0065A678 /* Frameworks */,
				BDE93E1C2336BA8F0065A678 /* Resources */,
			);
			buildRules = (
			);
			dependencies = (
			);
			name = PencilKit;
			productName = PencilKit;
			productReference = BDE93E1E2336BA8F0065A678 /* PencilKit.app */;
			productType = "com.apple.product-type.application";
		};
		BDE93E332336BA900065A678 /* PencilKitTests */ = {
			isa = PBXNativeTarget;
			buildConfigurationList = BDE93E4B2336BA900065A678 /* Build configuration list for PBXNativeTarget "PencilKitTests" */;
			buildPhases = (
				BDE93E302336BA900065A678 /* Sources */,
				BDE93E312336BA900065A678 /* Frameworks */,
				BDE93E322336BA900065A678 /* Resources */,
			);
			buildRules = (
			);
			dependencies = (
				BDE93E362336BA900065A678 /* PBXTargetDependency */,
			);
			name = PencilKitTests;
			productName = PencilKitTests;
			productReference = BDE93E342336BA900065A678 /* PencilKitTests.xctest */;
			productType = "com.apple.product-type.bundle.unit-test";
		};
		BDE93E3E2336BA900065A678 /* PencilKitUITests */ = {
			isa = PBXNativeTarget;
			buildConfigurationList = BDE93E4E2336BA900065A678 /* Build configuration list for PBXNativeTarget "PencilKitUITests" */;
			buildPhases = (
				BDE93E3B2336BA900065A678 /* Sources */,
				BDE93E3C2336BA900065A678 /* Frameworks */,
				BDE93E3D2336BA900065A678 /* Resources */,
			);
			buildRules = (
			);
			dependencies = (
				BDE93E412336BA900065A678 /* PBXTargetDependency */,
			);
			name = PencilKitUITests;
			productName = PencilKitUITests;
			productReference = BDE93E3F2336BA900065A678 /* PencilKitUITests.xctest */;
			productType = "com.apple.product-type.bundle.ui-testing";
		};
/* End PBXNativeTarget section */

/* Begin PBXProject section */
		BDE93E162336BA8F0065A678 /* Project object */ = {
			isa = PBXProject;
			attributes = {
				LastSwiftUpdateCheck = 1100;
				LastUpgradeCheck = 1100;
				ORGANIZATIONNAME = gree;
				TargetAttributes = {
					BDE93E1D2336BA8F0065A678 = {
						CreatedOnToolsVersion = 11.0;
					};
					BDE93E332336BA900065A678 = {
						CreatedOnToolsVersion = 11.0;
						TestTargetID = BDE93E1D2336BA8F0065A678;
					};
					BDE93E3E2336BA900065A678 = {
						CreatedOnToolsVersion = 11.0;
						TestTargetID = BDE93E1D2336BA8F0065A678;
					};
				};
			};
			buildConfigurationList = BDE93E192336BA8F0065A678 /* Build configuration list for PBXProject "PencilKit" */;
			compatibilityVersion = "Xcode 9.3";
			developmentRegion = en;
			hasScannedForEncodings = 0;
			knownRegions = (
				en,
				Base,
			);
			mainGroup = BDE93E152336BA8F0065A678;
			productRefGroup = BDE93E1F2336BA8F0065A678 /* Products */;
			projectDirPath = "";
			projectRoot = "";
			targets = (
				BDE93E1D2336BA8F0065A678 /* PencilKit */,
				BDE93E332336BA900065A678 /* PencilKitTests */,
				BDE93E3E2336BA900065A678 /* PencilKitUITests */,
			);
		};
/* End PBXProject section */

/* Begin PBXResourcesBuildPhase section */
		BDE93E1C2336BA8F0065A678 /* Resources */ = {
			isa = PBXResourcesBuildPhase;
			buildActionMask = 2147483647;
			files = (
				BDE93E2E2336BA900065A678 /* LaunchScreen.storyboard in Resources */,
				BDE93E2B2336BA900065A678 /* Assets.xcassets in Resources */,
				BDE93E292336BA8F0065A678 /* Main.storyboard in Resources */,
			);
			runOnlyForDeploymentPostprocessing = 0;
		};
		BDE93E322336BA900065A678 /* Resources */ = {
			isa = PBXResourcesBuildPhase;
			buildActionMask = 2147483647;
			files = (
			);
			runOnlyForDeploymentPostprocessing = 0;
		};
		BDE93E3D2336BA900065A678 /* Resources */ = {
			isa = PBXResourcesBuildPhase;
			buildActionMask = 2147483647;
			files = (
			);
			runOnlyForDeploymentPostprocessing = 0;
		};
/* End PBXResourcesBuildPhase section */

/* Begin PBXSourcesBuildPhase section */
		BDE93E1A2336BA8F0065A678 /* Sources */ = {
			isa = PBXSourcesBuildPhase;
			buildActionMask = 2147483647;
			files = (
				BDE93E262336BA8F0065A678 /* ViewController.swift in Sources */,
				BDE93E222336BA8F0065A678 /* AppDelegate.swift in Sources */,
				BDE93E242336BA8F0065A678 /* SceneDelegate.swift in Sources */,
			);
			runOnlyForDeploymentPostprocessing = 0;
		};
		BDE93E302336BA900065A678 /* Sources */ = {
			isa = PBXSourcesBuildPhase;
			buildActionMask = 2147483647;
			files = (
				BDE93E392336BA900065A678 /* PencilKitTests.swift in Sources */,
			);
			runOnlyForDeploymentPostprocessing = 0;
		};
		BDE93E3B2336BA900065A678 /* Sources */ = {
			isa = PBXSourcesBuildPhase;
			buildActionMask = 2147483647;
			files = (
				BDE93E442336BA900065A678 /* PencilKitUITests.swift in Sources */,
			);
			runOnlyForDeploymentPostprocessing = 0;
		};
/* End PBXSourcesBuildPhase section */

/* Begin PBXTargetDependency section */
		BDE93E362336BA900065A678 /* PBXTargetDependency */ = {
			isa = PBXTargetDependency;
			target = BDE93E1D2336BA8F0065A678 /* PencilKit */;
			targetProxy = BDE93E352336BA900065A678 /* PBXContainerItemProxy */;
		};
		BDE93E412336BA900065A678 /* PBXTargetDependency */ = {
			isa = PBXTargetDependency;
			target = BDE93E1D2336BA8F0065A678 /* PencilKit */;
			targetProxy = BDE93E402336BA900065A678 /* PBXContainerItemProxy */;
		};
/* End PBXTargetDependency section */

/* Begin PBXVariantGroup section */
		BDE93E272336BA8F0065A678 /* Main.storyboard */ = {
			isa = PBXVariantGroup;
			children = (
				BDE93E282336BA8F0065A678 /* Base */,
			);
			name = Main.storyboard;
			sourceTree = "<group>";
		};
		BDE93E2C2336BA900065A678 /* LaunchScreen.storyboard */ = {
			isa = PBXVariantGroup;
			children = (
				BDE93E2D2336BA900065A678 /* Base */,
			);
			name = LaunchScreen.storyboard;
			sourceTree = "<group>";
		};
/* End PBXVariantGroup section */

/* Begin XCBuildConfiguration section */
		BDE93E462336BA900065A678 /* Debug */ = {
			isa = XCBuildConfiguration;
			buildSettings = {
				ALWAYS_SEARCH_USER_PATHS = NO;
				CLANG_ANALYZER_NONNULL = YES;
				CLANG_ANALYZER_NUMBER_OBJECT_CONVERSION = YES_AGGRESSIVE;
				CLANG_CXX_LANGUAGE_STANDARD = "gnu++14";
				CLANG_CXX_LIBRARY = "libc++";
				CLANG_ENABLE_MODULES = YES;
				CLANG_ENABLE_OBJC_ARC = YES;
				CLANG_ENABLE_OBJC_WEAK = YES;
				CLANG_WARN_BLOCK_CAPTURE_AUTORELEASING = YES;
				CLANG_WARN_BOOL_CONVERSION = YES;
				CLANG_WARN_COMMA = YES;
				CLANG_WARN_CONSTANT_CONVERSION = YES;
				CLANG_WARN_DEPRECATED_OBJC_IMPLEMENTATIONS = YES;
				CLANG_WARN_DIRECT_OBJC_ISA_USAGE = YES_ERROR;
				CLANG_WARN_DOCUMENTATION_COMMENTS = YES;
				CLANG_WARN_EMPTY_BODY = YES;
				CLANG_WARN_ENUM_CONVERSION = YES;
				CLANG_WARN_INFINITE_RECURSION = YES;
				CLANG_WARN_INT_CONVERSION = YES;
				CLANG_WARN_NON_LITERAL_NULL_CONVERSION = YES;
				CLANG_WARN_OBJC_IMPLICIT_RETAIN_SELF = YES;
				CLANG_WARN_OBJC_LITERAL_CONVERSION = YES;
				CLANG_WARN_OBJC_ROOT_CLASS = YES_ERROR;
				CLANG_WARN_RANGE_LOOP_ANALYSIS = YES;
				CLANG_WARN_STRICT_PROTOTYPES = YES;
				CLANG_WARN_SUSPICIOUS_MOVE = YES;
				CLANG_WARN_UNGUARDED_AVAILABILITY = YES_AGGRESSIVE;
				CLANG_WARN_UNREACHABLE_CODE = YES;
				CLANG_WARN__DUPLICATE_METHOD_MATCH = YES;
				COPY_PHASE_STRIP = NO;
				DEBUG_INFORMATION_FORMAT = dwarf;
				ENABLE_STRICT_OBJC_MSGSEND = YES;
				ENABLE_TESTABILITY = YES;
				GCC_C_LANGUAGE_STANDARD = gnu11;
				GCC_DYNAMIC_NO_PIC = NO;
				GCC_NO_COMMON_BLOCKS = YES;
				GCC_OPTIMIZATION_LEVEL = 0;
				GCC_PREPROCESSOR_DEFINITIONS = (
					"DEBUG=1",
					"$(inherited)",
				);
				GCC_WARN_64_TO_32_BIT_CONVERSION = YES;
				GCC_WARN_ABOUT_RETURN_TYPE = YES_ERROR;
				GCC_WARN_UNDECLARED_SELECTOR = YES;
				GCC_WARN_UNINITIALIZED_AUTOS = YES_AGGRESSIVE;
				GCC_WARN_UNUSED_FUNCTION = YES;
				GCC_WARN_UNUSED_VARIABLE = YES;
				IPHONEOS_DEPLOYMENT_TARGET = 13.0;
				MTL_ENABLE_DEBUG_INFO = INCLUDE_SOURCE;
				MTL_FAST_MATH = YES;
				ONLY_ACTIVE_ARCH = YES;
				SDKROOT = iphoneos;
				SWIFT_ACTIVE_COMPILATION_CONDITIONS = DEBUG;
				SWIFT_OPTIMIZATION_LEVEL = "-Onone";
			};
			name = Debug;
		};
		BDE93E472336BA900065A678 /* Release */ = {
			isa = XCBuildConfiguration;
			buildSettings = {
				ALWAYS_SEARCH_USER_PATHS = NO;
				CLANG_ANALYZER_NONNULL = YES;
				CLANG_ANALYZER_NUMBER_OBJECT_CONVERSION = YES_AGGRESSIVE;
				CLANG_CXX_LANGUAGE_STANDARD = "gnu++14";
				CLANG_CXX_LIBRARY = "libc++";
				CLANG_ENABLE_MODULES = YES;
				CLANG_ENABLE_OBJC_ARC = YES;
				CLANG_ENABLE_OBJC_WEAK = YES;
				CLANG_WARN_BLOCK_CAPTURE_AUTORELEASING = YES;
				CLANG_WARN_BOOL_CONVERSION = YES;
				CLANG_WARN_COMMA = YES;
				CLANG_WARN_CONSTANT_CONVERSION = YES;
				CLANG_WARN_DEPRECATED_OBJC_IMPLEMENTATIONS = YES;
				CLANG_WARN_DIRECT_OBJC_ISA_USAGE = YES_ERROR;
				CLANG_WARN_DOCUMENTATION_COMMENTS = YES;
				CLANG_WARN_EMPTY_BODY = YES;
				CLANG_WARN_ENUM_CONVERSION = YES;
				CLANG_WARN_INFINITE_RECURSION = YES;
				CLANG_WARN_INT_CONVERSION = YES;
				CLANG_WARN_NON_LITERAL_NULL_CONVERSION = YES;
				CLANG_WARN_OBJC_IMPLICIT_RETAIN_SELF = YES;
				CLANG_WARN_OBJC_LITERAL_CONVERSION = YES;
				CLANG_WARN_OBJC_ROOT_CLASS = YES_ERROR;
				CLANG_WARN_RANGE_LOOP_ANALYSIS = YES;
				CLANG_WARN_STRICT_PROTOTYPES = YES;
				CLANG_WARN_SUSPICIOUS_MOVE = YES;
				CLANG_WARN_UNGUARDED_AVAILABILITY = YES_AGGRESSIVE;
				CLANG_WARN_UNREACHABLE_CODE = YES;
				CLANG_WARN__DUPLICATE_METHOD_MATCH = YES;
				COPY_PHASE_STRIP = NO;
				DEBUG_INFORMATION_FORMAT = "dwarf-with-dsym";
				ENABLE_NS_ASSERTIONS = NO;
				ENABLE_STRICT_OBJC_MSGSEND = YES;
				GCC_C_LANGUAGE_STANDARD = gnu11;
				GCC_NO_COMMON_BLOCKS = YES;
				GCC_WARN_64_TO_32_BIT_CONVERSION = YES;
				GCC_WARN_ABOUT_RETURN_TYPE = YES_ERROR;
				GCC_WARN_UNDECLARED_SELECTOR = YES;
				GCC_WARN_UNINITIALIZED_AUTOS = YES_AGGRESSIVE;
				GCC_WARN_UNUSED_FUNCTION = YES;
				GCC_WARN_UNUSED_VARIABLE = YES;
				IPHONEOS_DEPLOYMENT_TARGET = 13.0;
				MTL_ENABLE_DEBUG_INFO = NO;
				MTL_FAST_MATH = YES;
				SDKROOT = iphoneos;
				SWIFT_COMPILATION_MODE = wholemodule;
				SWIFT_OPTIMIZATION_LEVEL = "-O";
				VALIDATE_PRODUCT = YES;
			};
			name = Release;
		};
		BDE93E492336BA900065A678 /* Debug */ = {
			isa = XCBuildConfiguration;
			buildSettings = {
				ASSETCATALOG_COMPILER_APPICON_NAME = AppIcon;
				CODE_SIGN_STYLE = Automatic;
				INFOPLIST_FILE = PencilKit/Info.plist;
				LD_RUNPATH_SEARCH_PATHS = (
					"$(inherited)",
					"@executable_path/Frameworks",
				);
				PRODUCT_BUNDLE_IDENTIFIER = edesire.PencilKit;
				PRODUCT_NAME = "$(TARGET_NAME)";
				SWIFT_VERSION = 5.0;
				TARGETED_DEVICE_FAMILY = "1,2";
			};
			name = Debug;
		};
		BDE93E4A2336BA900065A678 /* Release */ = {
			isa = XCBuildConfiguration;
			buildSettings = {
				ASSETCATALOG_COMPILER_APPICON_NAME = AppIcon;
				CODE_SIGN_STYLE = Automatic;
				INFOPLIST_FILE = PencilKit/Info.plist;
				LD_RUNPATH_SEARCH_PATHS = (
					"$(inherited)",
					"@executable_path/Frameworks",
				);
				PRODUCT_BUNDLE_IDENTIFIER = edesire.PencilKit;
				PRODUCT_NAME = "$(TARGET_NAME)";
				SWIFT_VERSION = 5.0;
				TARGETED_DEVICE_FAMILY = "1,2";
			};
			name = Release;
		};
		BDE93E4C2336BA900065A678 /* Debug */ = {
			isa = XCBuildConfiguration;
			buildSettings = {
				ALWAYS_EMBED_SWIFT_STANDARD_LIBRARIES = YES;
				BUNDLE_LOADER = "$(TEST_HOST)";
				CODE_SIGN_STYLE = Automatic;
				INFOPLIST_FILE = PencilKitTests/Info.plist;
				IPHONEOS_DEPLOYMENT_TARGET = 13.0;
				LD_RUNPATH_SEARCH_PATHS = (
					"$(inherited)",
					"@executable_path/Frameworks",
					"@loader_path/Frameworks",
				);
				PRODUCT_BUNDLE_IDENTIFIER = edesire.PencilKitTests;
				PRODUCT_NAME = "$(TARGET_NAME)";
				SWIFT_VERSION = 5.0;
				TARGETED_DEVICE_FAMILY = "1,2";
				TEST_HOST = "$(BUILT_PRODUCTS_DIR)/PencilKit.app/PencilKit";
			};
			name = Debug;
		};
		BDE93E4D2336BA900065A678 /* Release */ = {
			isa = XCBuildConfiguration;
			buildSettings = {
				ALWAYS_EMBED_SWIFT_STANDARD_LIBRARIES = YES;
				BUNDLE_LOADER = "$(TEST_HOST)";
				CODE_SIGN_STYLE = Automatic;
				INFOPLIST_FILE = PencilKitTests/Info.plist;
				IPHONEOS_DEPLOYMENT_TARGET = 13.0;
				LD_RUNPATH_SEARCH_PATHS = (
					"$(inherited)",
					"@executable_path/Frameworks",
					"@loader_path/Frameworks",
				);
				PRODUCT_BUNDLE_IDENTIFIER = edesire.PencilKitTests;
				PRODUCT_NAME = "$(TARGET_NAME)";
				SWIFT_VERSION = 5.0;
				TARGETED_DEVICE_FAMILY = "1,2";
				TEST_HOST = "$(BUILT_PRODUCTS_DIR)/PencilKit.app/PencilKit";
			};
			name = Release;
		};
		BDE93E4F2336BA900065A678 /* Debug */ = {
			isa = XCBuildConfiguration;
			buildSettings = {
				ALWAYS_EMBED_SWIFT_STANDARD_LIBRARIES = YES;
				CODE_SIGN_STYLE = Automatic;
				INFOPLIST_FILE = PencilKitUITests/Info.plist;
				LD_RUNPATH_SEARCH_PATHS = (
					"$(inherited)",
					"@executable_path/Frameworks",
					"@loader_path/Frameworks",
				);
				PRODUCT_BUNDLE_IDENTIFIER = edesire.PencilKitUITests;
				PRODUCT_NAME = "$(TARGET_NAME)";
				SWIFT_VERSION = 5.0;
				TARGETED_DEVICE_FAMILY = "1,2";
				TEST_TARGET_NAME = PencilKit;
			};
			name = Debug;
		};
		BDE93E502336BA900065A678 /* Release */ = {
			isa = XCBuildConfiguration;
			buildSettings = {
				ALWAYS_EMBED_SWIFT_STANDARD_LIBRARIES = YES;
				CODE_SIGN_STYLE = Automatic;
				INFOPLIST_FILE = PencilKitUITests/Info.plist;
				LD_RUNPATH_SEARCH_PATHS = (
					"$(inherited)",
					"@executable_path/Frameworks",
					"@loader_path/Frameworks",
				);
				PRODUCT_BUNDLE_IDENTIFIER = edesire.PencilKitUITests;
				PRODUCT_NAME = "$(TARGET_NAME)";
				SWIFT_VERSION = 5.0;
				TARGETED_DEVICE_FAMILY = "1,2";
				TEST_TARGET_NAME = PencilKit;
			};
			name = Release;
		};
/* End XCBuildConfiguration section */

/* Begin XCConfigurationList section */
		BDE93E192336BA8F0065A678 /* Build configuration list for PBXProject "PencilKit" */ = {
			isa = XCConfigurationList;
			buildConfigurations = (
				BDE93E462336BA900065A678 /* Debug */,
				BDE93E472336BA900065A678 /* Release */,
			);
			defaultConfigurationIsVisible = 0;
			defaultConfigurationName = Release;
		};
		BDE93E482336BA900065A678 /* Build configuration list for PBXNativeTarget "PencilKit" */ = {
			isa = XCConfigurationList;
			buildConfigurations = (
				BDE93E492336BA900065A678 /* Debug */,
				BDE93E4A2336BA900065A678 /* Release */,
			);
			defaultConfigurationIsVisible = 0;
			defaultConfigurationName = Release;
		};
		BDE93E4B2336BA900065A678 /* Build configuration list for PBXNativeTarget "PencilKitTests" */ = {
			isa = XCConfigurationList;
			buildConfigurations = (
				BDE93E4C2336BA900065A678 /* Debug */,
				BDE93E4D2336BA900065A678 /* Release */,
			);
			defaultConfigurationIsVisible = 0;
			defaultConfigurationName = Release;
		};
		BDE93E4E2336BA900065A678 /* Build configuration list for PBXNativeTarget "PencilKitUITests" */ = {
			isa = XCConfigurationList;
			buildConfigurations = (
				BDE93E4F2336BA900065A678 /* Debug */,
				BDE93E502336BA900065A678 /* Release */,
			);
			defaultConfigurationIsVisible = 0;
			defaultConfigurationName = Release;
		};
/* End XCConfigurationList section */
	};
	rootObject = BDE93E162336BA8F0065A678 /* Project object */;
}
